github.com/alex-shpak/hugo-book v0.14.0 h1:edQbxbKHZQoaHidnGR9dZ9EnoEqIV+kPjyEuAaDWvzc=
github.com/alex-shpak/hugo-book v0.14.0/go.mod h1:3N2fYXAJzb31L13moUOXmPo2DC58VvQYJkGr9VniXfQ=
github.com/alex-shpak/hugo-book v0.15.0 h1:DMGUbXBKqdiDe55rkebiiynhWG0Nh/jjQjcbtiQKFc8=
github.com/alex-shpak/hugo-book v0.15.0/go.mod h1:3N2fYXAJzb31L13moUOXmPo2DC58VvQYJkGr9VniXfQ=
